
Microsoft Visual Studio Solution File, Format Version 12.00
# Visual Studio 2013
VisualStudioVersion = 12.0.30501.0
MinimumVisualStudioVersion = 10.0.40219.1
Project("{F2A71F9B-5D33-465A-A702-920D77279786}") = "Gimpf.SkyrimAlchemy.Calculator", "Gimpf.Skyrim.AlchemyCalculator\Gimpf.SkyrimAlchemy.Calculator.fsproj", "{30CE1215-4111-43B0-8167-D0E74315BF18}"
EndProject
Project("{F2A71F9B-5D33-465A-A702-920D77279786}") = "Gimpf.FSharpExtensions", "Gimpf.FSharpExtensions\Gimpf.FSharpExtensions.fsproj", "{788F7080-8C4A-423E-8879-734895A5783A}"
EndProject
Project("{F2A71F9B-5D33-465A-A702-920D77279786}") = "Gimpf.SkyrimAlchemy", "Gimpf.SkyrimAlchemy\Gimpf.SkyrimAlchemy.fsproj", "{906432DC-D030-4C19-BBC4-1172161BEF04}"
EndProject
Project("{2150E333-8FDC-42A3-9474-1A3956D46DE8}") = "data", "data", "{5D8D9FE4-D575-42AD-B811-D44F79FA449C}"
	ProjectSection(SolutionItems) = preProject
		data\alchemy-effects.csv = data\alchemy-effects.csv
		data\alchemy-ingredients.csv = data\alchemy-ingredients.csv
		data\available-ingredients.csv = data\available-ingredients.csv
		data\known-recipes.csv = data\known-recipes.csv
		data\preferences.csv = data\preferences.csv
	EndProjectSection
EndProject
Global
	GlobalSection(SolutionConfigurationPlatforms) = preSolution
		Debug|Any CPU = Debug|Any CPU
		Release|Any CPU = Release|Any CPU
	EndGlobalSection
	GlobalSection(ProjectConfigurationPlatforms) = postSolution
		{30CE1215-4111-43B0-8167-D0E74315BF18}.Debug|Any CPU.ActiveCfg = Debug|Any CPU
		{30CE1215-4111-43B0-8167-D0E74315BF18}.Debug|Any CPU.Build.0 = Debug|Any CPU
		{30CE1215-4111-43B0-8167-D0E74315BF18}.Release|Any CPU.ActiveCfg = Release|Any CPU
		{30CE1215-4111-43B0-8167-D0E74315BF18}.Release|Any CPU.Build.0 = Release|Any CPU
		{788F7080-8C4A-423E-8879-734895A5783A}.Debug|Any CPU.ActiveCfg = Debug|Any CPU
		{788F7080-8C4A-423E-8879-734895A5783A}.Debug|Any CPU.Build.0 = Debug|Any CPU
		{788F7080-8C4A-423E-8879-734895A5783A}.Release|Any CPU.ActiveCfg = Release|Any CPU
		{788F7080-8C4A-423E-8879-734895A5783A}.Release|Any CPU.Build.0 = Release|Any CPU
		{906432DC-D030-4C19-BBC4-1172161BEF04}.Debug|Any CPU.ActiveCfg = Debug|Any CPU
		{906432DC-D030-4C19-BBC4-1172161BEF04}.Debug|Any CPU.Build.0 = Debug|Any CPU
		{906432DC-D030-4C19-BBC4-1172161BEF04}.Release|Any CPU.ActiveCfg = Release|Any CPU
		{906432DC-D030-4C19-BBC4-1172161BEF04}.Release|Any CPU.Build.0 = Release|Any CPU
	EndGlobalSection
	GlobalSection(SolutionProperties) = preSolution
		HideSolutionNode = FALSE
	EndGlobalSection
EndGlobal
